
Microsoft Visual Studio Solution File, Format Version 12.00
# Visual Studio Version 17
VisualStudioVersion = 17.8.34511.84
MinimumVisualStudioVersion = 10.0.40219.1
Project("{FAE04EC0-301F-11D3-BF4B-00C04F79EFBC}") = "Apeirox", "Apeirox\Apeirox.csproj", "{1B6D5D0D-5637-45CD-95C9-5FA2B0A8B752}"
EndProject
Global
	GlobalSection(SolutionConfigurationPlatforms) = preSolution
		Debug|Any CPU = Debug|Any CPU
		Release|Any CPU = Release|Any CPU
	EndGlobalSection
	GlobalSection(ProjectConfigurationPlatforms) = postSolution
		{1B6D5D0D-5637-45CD-95C9-5FA2B0A8B752}.Debug|Any CPU.ActiveCfg = Debug|Any CPU
		{1B6D5D0D-5637-45CD-95C9-5FA2B0A8B752}.Debug|Any CPU.Build.0 = Debug|Any CPU
		{1B6D5D0D-5637-45CD-95C9-5FA2B0A8B752}.Release|Any CPU.ActiveCfg = Release|Any CPU
		{1B6D5D0D-5637-45CD-95C9-5FA2B0A8B752}.Release|Any CPU.Build.0 = Release|Any CPU
	EndGlobalSection
	GlobalSection(SolutionProperties) = preSolution
		HideSolutionNode = FALSE
	EndGlobalSection
	GlobalSection(ExtensibilityGlobals) = postSolution
		SolutionGuid = {69178499-15E0-4CA7-9458-C41DF6E87DD2}
	EndGlobalSection
EndGlobal
